lockfileVersion: '6.0'

settings:
  autoInstallPeers: true
  excludeLinksFromLockfile: false

dependencies:
  em_npm_package_0:
    specifier: link:/home/young/code/_project/emPractice/learn_node/series2/17package
    version: link:17package

devDependencies:
  '@types/node':
    specifier: ^20.10.7
    version: 20.11.2

packages:

  /@types/node@20.11.2:
    resolution: {integrity: sha512-cZShBaVa+UO1LjWWBPmWRR4+/eY/JR/UIEcDlVsw3okjWEu+rB7/mH6X3B/L+qJVHDLjk9QW/y2upp9wp1yDXA==}
    dependencies:
      undici-types: 5.26.5
    dev: true

  /undici-types@5.26.5:
    resolution: {integrity: sha512-JlCMO+ehdEIKqlFxk6IfVoAUVmgz7cU7zD/h9XZ0qzeosSHmUJVOzSQvvYSYWXkFXC+IfLKSIffhv0sVZup6pA==}
    dev: true
